PackratFormat: 1.4
PackratVersion: 0.4.8.1
RVersion: 3.4.1
Repos: CRAN=https://cran.rstudio.com/,
    CRANextra=http://www.stats.ox.ac.uk/pub/RWin

Package: DEoptimR
Source: CRAN
Version: 1.0-8
Hash: adc74e88e85eabe6c7d73db6a86fe6cf

Package: KernSmooth
Source: CRAN
Version: 2.23-15
Hash: aa5fd163456721a62d34a98fddc510bf

Package: MASS
Source: CRAN
Version: 7.3-47
Hash: cef924b1619219cfc32edbb8a340e652

Package: Matrix
Source: CRAN
Version: 1.2-10
Hash: 7db92f569e4b8d50a6c86ed54cf481d0
Requires: lattice

Package: MatrixModels
Source: CRAN
Version: 0.4-1
Hash: 60a5c75e57aae4a0ce76cb7422939aaf
Requires: Matrix

Package: R6
Source: CRAN
Version: 2.2.2
Hash: b2366cd9d2f3851a5704b4e192b985c2

Package: RColorBrewer
Source: CRAN
Version: 1.1-2
Hash: c0d56cd15034f395874c870141870c25

Package: ROCR
Source: CRAN
Version: 1.0-7
Hash: 086f78987ebf3c55b01013ee64a5e1e2
Requires: gplots

Package: Rcpp
Source: CRAN
Version: 0.12.12
Hash: 8b3d5ebb9a9a4ab5c86b3a81b0cfb774

Package: RcppEigen
Source: CRAN
Version: 0.3.3.3.0
Hash: d2dba1ec87fb5d2c38791848e9a78ade
Requires: Matrix, Rcpp

Package: SparseM
Source: CRAN
Version: 1.77
Hash: 08f1f60e1038957030bcd9f4a58d22d8

Package: backports
Source: CRAN
Version: 1.1.0
Hash: 3f754426ca2b7dbbf63951fe5075373b

Package: base64enc
Source: CRAN
Version: 0.1-3
Hash: c590d29e555926af053055e23ee79efb

Package: bitops
Source: CRAN
Version: 1.0-6
Hash: 67d0775189fd0041d95abca618c5c07e

Package: caTools
Source: CRAN
Version: 1.17.1
Hash: 97cb6f6293cd18d17df77a6383cc6763
Requires: bitops

Package: car
Source: CRAN
Version: 2.1-5
Hash: 3c9e1eac57d1c381f7ce9562895eb33b
Requires: MASS, mgcv, nnet, pbkrtest, quantreg

Package: class
Source: CRAN
Version: 7.3-14
Hash: 98330808284e70f0bce1f8ff419d4032
Requires: MASS

Package: codetools
Source: CRAN
Version: 0.2-15
Hash: a4268e48f71dc70ac2203aced7cdd8ea

Package: colorspace
Source: CRAN
Version: 1.3-2
Hash: 0bf8618b585fa98eb23414cd3ab95118

Package: cvTools
Source: CRAN
Version: 0.3.2
Hash: f7ac81bd9822eb8d4daef9330ff40046
Requires: lattice, robustbase

Package: dichromat
Source: CRAN
Version: 2.0-0
Hash: 08eed0c80510af29bb15f840ccfe37ce

Package: digest
Source: CRAN
Version: 0.6.12
Hash: e53fb8c58673df868183697e39a6a4d6

Package: e1071
Source: CRAN
Version: 1.6-8
Hash: 20320ec66d4dc608654769145b7c624a
Requires: class

Package: evaluate
Source: CRAN
Version: 0.10.1
Hash: 54d95f4ec6d0300100413ed0127d89ae
Requires: stringr

Package: foreach
Source: CRAN
Version: 1.4.3
Hash: cd53ef4cf29dc59ce3f8c5c1af735fd1
Requires: codetools, iterators

Package: gbm
Source: CRAN
Version: 2.1.3
Hash: fd26a027100111d924a4a8bc319c6968
Requires: lattice, survival

Package: gdata
Source: CRAN
Version: 2.18.0
Hash: 62797fafa287d1845a014c615d46e50c
Requires: gtools

Package: ggplot2
Source: CRAN
Version: 2.2.1
Hash: 46e5cb78836848aa44655e577433f54b
Requires: MASS, digest, gtable, lazyeval, plyr, reshape2, scales,
    tibble

Package: glmnet
Source: CRAN
Version: 2.0-13
Hash: 42aac8ab973ec4ee61c256411c64686f
Requires: Matrix, foreach

Package: gplots
Source: CRAN
Version: 3.0.1
Hash: b7abe122479c203aa236499b7fc4b816
Requires: KernSmooth, caTools, gdata, gtools

Package: gtable
Source: CRAN
Version: 0.2.0
Hash: cd78381a9d3fea966ac39bd0daaf5554

Package: gtools
Source: CRAN
Version: 3.5.0
Hash: 471b2e2452dfb30fdc1dd6f1b567925a

Package: highr
Source: CRAN
Version: 0.6
Hash: aa3d5b7912b5fed4b546ed5cd2a1760b

Package: htmltools
Source: CRAN
Version: 0.3.6
Hash: 5b070a04ef8df1953544873db1c5896e
Requires: Rcpp, digest

Package: httpuv
Source: CRAN
Version: 1.3.5
Hash: 2cc5284565b71276d1faf3d5c043fe4e
Requires: Rcpp

Package: iterators
Source: CRAN
Version: 1.0.8
Hash: 488b93c2a4166db0d15f1e8d882cb1d4

Package: jsonlite
Source: CRAN
Version: 1.5
Hash: 9c51936d8dd00b2f1d4fe9d10499694c

Package: knitr
Source: CRAN
Version: 1.17
Hash: f6b2bf543ee3e25f5b92bb46f9958c5f
Requires: digest, evaluate, highr, markdown, stringr, yaml

Package: labeling
Source: CRAN
Version: 0.3
Hash: ecf589b42cd284b03a4beb9665482d3e

Package: lattice
Source: CRAN
Version: 0.20-35
Hash: 26b9d7f0d0cb4e1d1bbb97f867c82d89

Package: lazyeval
Source: CRAN
Version: 0.2.0
Hash: 3d6e7608e65bbf5cb170dab1e3c9ed8b

Package: leaps
Source: CRAN
Version: 3.0
Hash: 9346c4f25d83d95dc97a11ea8c0bf61c

Package: lme4
Source: CRAN
Version: 1.1-13
Hash: 025fc4efef1b570ec0a843d750a58e01
Requires: MASS, Matrix, Rcpp, RcppEigen, lattice, minqa, nlme, nloptr

Package: magrittr
Source: CRAN
Version: 1.5
Hash: bdc4d48c3135e8f3b399536ddf160df4

Package: markdown
Source: CRAN
Version: 0.8
Hash: 045d7c594d503b41f1c28946d076c8aa
Requires: mime

Package: mgcv
Source: CRAN
Version: 1.8-17
Hash: ee65c710770c125c6030b810d8594c1f
Requires: Matrix, nlme

Package: mime
Source: CRAN
Version: 0.5
Hash: 463550cf44fb6f0a2359368f42eebe62

Package: minqa
Source: CRAN
Version: 1.2.4
Hash: c0b06acb19de5b852d625f10ed40d0da
Requires: Rcpp

Package: munsell
Source: CRAN
Version: 0.4.3
Hash: f96d896947fcaf9b6d0074002e9f4f9d
Requires: colorspace

Package: nlme
Source: CRAN
Version: 3.1-131
Hash: 7f5580f9c481d6921298f224c391b308
Requires: lattice

Package: nloptr
Source: CRAN
Version: 1.0.4
Hash: 8053df240a4635aeb54fc68c6de67709

Package: nnet
Source: CRAN
Version: 7.3-12
Hash: 42c83a1f063b40fd8bb6ad68ed528aa5

Package: packrat
Source: CRAN
Version: 0.4.8-1
Hash: 6ad605ba7b4b476d84be6632393f5765

Package: pbkrtest
Source: CRAN
Version: 0.4-7
Hash: f195c3a0f527f69c491569c5cbaaf1db
Requires: MASS, Matrix, lme4

Package: plyr
Source: CRAN
Version: 1.8.4
Hash: 8fbaff6962e3421b5c9652eebae36159
Requires: Rcpp

Package: quantreg
Source: CRAN
Version: 5.33
Hash: 30421e83e9d36563250019b6b2adafce
Requires: Matrix, MatrixModels, SparseM

Package: randomForest
Source: CRAN
Version: 4.6-12
Hash: b37274857316c7b9431cc7f72aaffb77

Package: reshape2
Source: CRAN
Version: 1.4.2
Hash: df8d1de05444abd99e423c1e3b84c9b0
Requires: Rcpp, plyr, stringr

Package: rlang
Source: CRAN
Version: 0.1.2
Hash: c17b638e3282aa222a47112d7a60bc66

Package: rmarkdown
Source: CRAN
Version: 1.6
Hash: 40f4034a7b8e28edc2b384bdb0c4d537
Requires: base64enc, caTools, evaluate, htmltools, jsonlite, knitr,
    rprojroot, stringr, yaml

Package: robustbase
Source: CRAN
Version: 0.92-8
Hash: 47f671cf700fbaa2015bb61701e6f7f4
Requires: DEoptimR

Package: rprojroot
Source: CRAN
Version: 1.2
Hash: fdcac51a7f47decd60556ceefc3c26b1
Requires: backports

Package: scales
Source: CRAN
Version: 0.5.0
Hash: c108129462eb98e2699b07201fd12acf
Requires: R6, RColorBrewer, Rcpp, dichromat, labeling, munsell, plyr,
    viridisLite

Package: shiny
Source: CRAN
Version: 1.0.5
Hash: 4d47532a807122bfd6bc3818310f9d2e
Requires: R6, digest, htmltools, httpuv, jsonlite, mime, sourcetools,
    xtable

Package: sourcetools
Source: CRAN
Version: 0.1.6
Hash: 226d56d7469587da40b0f96180e711b4

Package: stringi
Source: CRAN
Version: 1.1.5
Hash: b6308e49357a0b475f433599e0d8b5eb

Package: stringr
Source: CRAN
Version: 1.2.0
Hash: 25a86d7f410513ebb7c0bc6a5e16bdc3
Requires: magrittr, stringi

Package: survival
Source: CRAN
Version: 2.41-3
Hash: db4930fd2dbaff5a78b71832aea4b50d
Requires: Matrix

Package: tibble
Source: CRAN
Version: 1.3.4
Hash: 3111e0d62502af60fe0fa8b4213fedad
Requires: Rcpp, rlang

Package: tree
Source: CRAN
Version: 1.0-37
Hash: cadc8c708e9e07f81647c53d5245d081

Package: viridisLite
Source: CRAN
Version: 0.2.0
Hash: 10f0c25af3dc84eaae10f5854f47efdb

Package: xtable
Source: CRAN
Version: 1.8-2
Hash: 7293235cfcc14cdff1ce7fd1a0212031

Package: yaml
Source: CRAN
Version: 2.1.14
Hash: c81230c3a7d9ba20607ad6b4331173d1
